
Microsoft Visual Studio Solution File, Format Version 12.00
# Visual Studio 2013
VisualStudioVersion = 12.0.31101.0
MinimumVisualStudioVersion = 10.0.40219.1
Project("{FAE04EC0-301F-11D3-BF4B-00C04F79EFBC}") = "HikeAmper", "HikeAmper\HikeAmper.csproj", "{9378FE14-4308-4BAF-9AC4-71E9A8E8D2C5}"
EndProject
Project("{2150E333-8FDC-42A3-9474-1A3956D46DE8}") = "PublishScripts", "PublishScripts", "{A94811E9-E217-4401-BB3C-DC7A1DE09D88}"
	ProjectSection(SolutionItems) = preProject
		PublishScripts\AzureWebsitePublishModule.psm1 = PublishScripts\AzureWebsitePublishModule.psm1
		PublishScripts\Publish-WebApplicationWebsite.ps1 = PublishScripts\Publish-WebApplicationWebsite.ps1
	EndProjectSection
EndProject
Project("{2150E333-8FDC-42A3-9474-1A3956D46DE8}") = "Configurations", "Configurations", "{F5FF3D1F-B81B-4722-A6E7-C5FF5E4A9978}"
	ProjectSection(SolutionItems) = preProject
		PublishScripts\Configurations\HikeAmper-WAWS-dev.json = PublishScripts\Configurations\HikeAmper-WAWS-dev.json
	EndProjectSection
EndProject
Global
	GlobalSection(SolutionConfigurationPlatforms) = preSolution
		Debug|Any CPU = Debug|Any CPU
		Release|Any CPU = Release|Any CPU
	EndGlobalSection
	GlobalSection(ProjectConfigurationPlatforms) = postSolution
		{9378FE14-4308-4BAF-9AC4-71E9A8E8D2C5}.Debug|Any CPU.ActiveCfg = Debug|Any CPU
		{9378FE14-4308-4BAF-9AC4-71E9A8E8D2C5}.Debug|Any CPU.Build.0 = Debug|Any CPU
		{9378FE14-4308-4BAF-9AC4-71E9A8E8D2C5}.Release|Any CPU.ActiveCfg = Release|Any CPU
		{9378FE14-4308-4BAF-9AC4-71E9A8E8D2C5}.Release|Any CPU.Build.0 = Release|Any CPU
	EndGlobalSection
	GlobalSection(SolutionProperties) = preSolution
		HideSolutionNode = FALSE
	EndGlobalSection
	GlobalSection(NestedProjects) = preSolution
		{F5FF3D1F-B81B-4722-A6E7-C5FF5E4A9978} = {A94811E9-E217-4401-BB3C-DC7A1DE09D88}
	EndGlobalSection
EndGlobal
